
Microsoft Visual Studio Solution File, Format Version 12.00
# Visual Studio 15
VisualStudioVersion = 15.0.27130.2027
MinimumVisualStudioVersion = 10.0.40219.1
Project("{FAE04EC0-301F-11D3-BF4B-00C04F79EFBC}") = "StudentStatisticalManager", "StudentStatisticalManager\StudentStatisticalManager.csproj", "{35B1A855-8048-494F-884C-88BE4EAA5AA9}"
EndProject
Global
	GlobalSection(SolutionConfigurationPlatforms) = preSolution
		Debug|Any CPU = Debug|Any CPU
		Release|Any CPU = Release|Any CPU
	EndGlobalSection
	GlobalSection(ProjectConfigurationPlatforms) = postSolution
		{35B1A855-8048-494F-884C-88BE4EAA5AA9}.Debug|Any CPU.ActiveCfg = Debug|Any CPU
		{35B1A855-8048-494F-884C-88BE4EAA5AA9}.Debug|Any CPU.Build.0 = Debug|Any CPU
		{35B1A855-8048-494F-884C-88BE4EAA5AA9}.Release|Any CPU.ActiveCfg = Release|Any CPU
		{35B1A855-8048-494F-884C-88BE4EAA5AA9}.Release|Any CPU.Build.0 = Release|Any CPU
	EndGlobalSection
	GlobalSection(SolutionProperties) = preSolution
		HideSolutionNode = FALSE
	EndGlobalSection
	GlobalSection(ExtensibilityGlobals) = postSolution
		SolutionGuid = {88030291-90AE-49FA-93B5-75B3A7F3CD95}
	EndGlobalSection
EndGlobal
